
Microsoft Visual Studio Solution File, Format Version 12.00
# Visual Studio Version 17
VisualStudioVersion = 17.3.32901.215
MinimumVisualStudioVersion = 10.0.40219.1
Project("{9A19103F-16F7-4668-BE54-9A1E7A4F7556}") = "CSharpConcepts", "CSharpConcepts.csproj", "{A5C113A2-6E1D-4434-81D2-62B6DAD071ED}"
EndProject
Project("{9A19103F-16F7-4668-BE54-9A1E7A4F7556}") = "InputOutput", "..\InputOutput\InputOutput.csproj", "{30BEC2B2-E8A0-479D-B656-6070FC6CC1B4}"
EndProject
Project("{FAE04EC0-301F-11D3-BF4B-00C04F79EFBC}") = "DateTimeManupulation", "..\DateTimeManupulation\DateTimeManupulation.csproj", "{3CF4167A-173A-4FCD-89B0-6FF5422445FF}"
EndProject
Global
	GlobalSection(SolutionConfigurationPlatforms) = preSolution
		Debug|Any CPU = Debug|Any CPU
		Release|Any CPU = Release|Any CPU
	EndGlobalSection
	GlobalSection(ProjectConfigurationPlatforms) = postSolution
		{A5C113A2-6E1D-4434-81D2-62B6DAD071ED}.Debug|Any CPU.ActiveCfg = Debug|Any CPU
		{A5C113A2-6E1D-4434-81D2-62B6DAD071ED}.Debug|Any CPU.Build.0 = Debug|Any CPU
		{A5C113A2-6E1D-4434-81D2-62B6DAD071ED}.Release|Any CPU.ActiveCfg = Release|Any CPU
		{A5C113A2-6E1D-4434-81D2-62B6DAD071ED}.Release|Any CPU.Build.0 = Release|Any CPU
		{30BEC2B2-E8A0-479D-B656-6070FC6CC1B4}.Debug|Any CPU.ActiveCfg = Debug|Any CPU
		{30BEC2B2-E8A0-479D-B656-6070FC6CC1B4}.Debug|Any CPU.Build.0 = Debug|Any CPU
		{30BEC2B2-E8A0-479D-B656-6070FC6CC1B4}.Release|Any CPU.ActiveCfg = Release|Any CPU
		{30BEC2B2-E8A0-479D-B656-6070FC6CC1B4}.Release|Any CPU.Build.0 = Release|Any CPU
		{3CF4167A-173A-4FCD-89B0-6FF5422445FF}.Debug|Any CPU.ActiveCfg = Debug|Any CPU
		{3CF4167A-173A-4FCD-89B0-6FF5422445FF}.Debug|Any CPU.Build.0 = Debug|Any CPU
		{3CF4167A-173A-4FCD-89B0-6FF5422445FF}.Release|Any CPU.ActiveCfg = Release|Any CPU
		{3CF4167A-173A-4FCD-89B0-6FF5422445FF}.Release|Any CPU.Build.0 = Release|Any CPU
	EndGlobalSection
	GlobalSection(SolutionProperties) = preSolution
		HideSolutionNode = FALSE
	EndGlobalSection
	GlobalSection(ExtensibilityGlobals) = postSolution
		SolutionGuid = {66792EB8-B1F6-4A47-8CBA-70A3B283F9F4}
	EndGlobalSection
EndGlobal
